
Microsoft Visual Studio Solution File, Format Version 12.00
# Visual Studio Version 16
VisualStudioVersion = 16.0.29709.97
MinimumVisualStudioVersion = 10.0.40219.1
Project("{FAE04EC0-301F-11D3-BF4B-00C04F79EFBC}") = "Eletrodomesticos", "Eletrodomesticos.csproj", "{02027F13-BF6E-481F-9C36-B7F142352D0C}"
EndProject
Global
	GlobalSection(SolutionConfigurationPlatforms) = preSolution
		Debug|Any CPU = Debug|Any CPU
		Release|Any CPU = Release|Any CPU
	EndGlobalSection
	GlobalSection(ProjectConfigurationPlatforms) = postSolution
		{02027F13-BF6E-481F-9C36-B7F142352D0C}.Debug|Any CPU.ActiveCfg = Debug|Any CPU
		{02027F13-BF6E-481F-9C36-B7F142352D0C}.Debug|Any CPU.Build.0 = Debug|Any CPU
		{02027F13-BF6E-481F-9C36-B7F142352D0C}.Release|Any CPU.ActiveCfg = Release|Any CPU
		{02027F13-BF6E-481F-9C36-B7F142352D0C}.Release|Any CPU.Build.0 = Release|Any CPU
	EndGlobalSection
	GlobalSection(SolutionProperties) = preSolution
		HideSolutionNode = FALSE
	EndGlobalSection
	GlobalSection(ExtensibilityGlobals) = postSolution
		SolutionGuid = {06F86DE9-FFEB-445E-A971-F6C85CFA624C}
	EndGlobalSection
EndGlobal
